schema: '2.0'
stages:
  generate:
    cmd: PYTHONPATH=../../src python chain_length.py --traces_dir ../../data/socialNetwork/baseline/gent
      --models_dir ./models --results_dir ./results
    deps:
    - path: ../../data/socialNetwork/
      hash: md5
      md5: 2f0cde8d6c9fdfc46f9f880539552d09.dir
      size: 87767121
      nfiles: 3
    - path: chain_length.py
      hash: md5
      md5: 46a9f5a48e5854423c2726788cd452e4
      size: 2130
    outs:
    - path: ./models
      hash: md5
      md5: 070b9d6f0c732214d35a0e023233e2b5.dir
      size: 6662842
      nfiles: 32
    - path: ./results
      hash: md5
      md5: e26b1e93f5dfac231e7710e881b575ea.dir
      size: 80407040
      nfiles: 5
  prepare_baseline_sql:
    cmd: PYTHONPATH=../../src python prepare.py --db_output ./baseline.db --traces_dir
      ../../data/socialNetwork/baseline/gent
    deps:
    - path: ../../data/socialNetwork/
      hash: md5
      md5: 2f0cde8d6c9fdfc46f9f880539552d09.dir
      size: 87767121
      nfiles: 3
    - path: ./prepare.py
      hash: md5
      md5: 448109ca1399fd1c1ee4f4e3eb6280c7
      size: 5648
    outs:
    - path: ./baseline.db
      hash: md5
      md5: 13319330488a35acbaf7bd6d407ecc15
      size: 4730880
  evaluate_gent:
    cmd: PYTHONPATH=../../src python evaluate.py --db_input ./baseline.db --db_output
      ./baseline_and_gent.db --results_dir ./results --evaluation_results ./evaluation_results.json
    deps:
    - path: ./baseline.db
      hash: md5
      md5: 13319330488a35acbaf7bd6d407ecc15
      size: 4730880
    - path: ./evaluate.py
      hash: md5
      md5: bc96c76a3eae7fb01e77e8f83396bd1b
      size: 4710
    - path: ./results
      hash: md5
      md5: e26b1e93f5dfac231e7710e881b575ea.dir
      size: 80407040
      nfiles: 5
    outs:
    - path: ./baseline_and_gent.db
      hash: md5
      md5: 2d2300f6bd2b07c0175151cc1e2d8f1d
      size: 27279360
    - path: ./evaluation_results.json
      hash: md5
      md5: a1b5b77643ce44740097ef8025281af8
      size: 3259
