schema: '2.0'
stages:
  generate:
    cmd: PYTHONPATH=../../src python chain_length.py --traces_dir ../../data/socialNetwork/baseline/gent
      --models_dir ./models --results_dir ./results
    deps:
    - path: ../../data/socialNetwork/
      hash: md5
      md5: 2f0cde8d6c9fdfc46f9f880539552d09.dir
      size: 87767121
      nfiles: 3
    - path: chain_length.py
      hash: md5
      md5: 356b6d8755389ce91aed0f73b70a1b87
      size: 2103
    outs:
    - path: ./models
      hash: md5
      md5: 869b30afbf8fd03bf4861ffc7bd897f5.dir
      size: 149189245
      nfiles: 80
    - path: ./results
      hash: md5
      md5: f7425faf0bac3bd95cd54cb30ea6dc0e.dir
      size: 100247319
      nfiles: 5
  prepare_baseline_sql:
    cmd: PYTHONPATH=../../src python evaluate.py prepare --db_output ./baseline.db
      --traces_dir ../../data/socialNetwork/baseline/gent
    deps:
    - path: ../../data/socialNetwork/
      hash: md5
      md5: 2f0cde8d6c9fdfc46f9f880539552d09.dir
      size: 87767121
      nfiles: 3
    - path: evaluate.py
      hash: md5
      md5: 500bab4a0ab1f61eff338742d60fae7d
      size: 7405
    outs:
    - path: ./baseline.db
      hash: md5
      md5: 722dbd9511eac425cd859edef0dd71a6
      size: 5586944
  evaluate_gent:
    cmd: PYTHONPATH=../../src python evaluate.py evaluate --db_input ./baseline.db
      --db_output ./baseline_and_gent.db --results_dir ./results --evaluation_results
      ./evaluation_results.json
    deps:
    - path: ./baseline.db
      hash: md5
      md5: 722dbd9511eac425cd859edef0dd71a6
      size: 5586944
    - path: ./results
      hash: md5
      md5: f7425faf0bac3bd95cd54cb30ea6dc0e.dir
      size: 100247319
      nfiles: 5
    - path: evaluate.py
      hash: md5
      md5: 500bab4a0ab1f61eff338742d60fae7d
      size: 7405
    outs:
    - path: ./baseline_and_gent.db
      hash: md5
      md5: c838281eaa1435a4ec5e66d6ad8a3e39
      size: 33992704
    - path: ./evaluation_results.json
      hash: md5
      md5: 79a149479702c9697be7f31ace9e969a
      size: 3632
