schema: '2.0'
stages:
  generate:
    cmd: PYTHONPATH=../../src python tx_iteration.py --traces_dir ../../data/socialNetwork/baseline/gent
      --models_dir ./models --results_dir ./results
    deps:
    - path: ../../data/socialNetwork/
      hash: md5
      md5: 2f0cde8d6c9fdfc46f9f880539552d09.dir
      size: 87767121
      nfiles: 3
    - path: tx_iteration.py
      hash: md5
      md5: 3e8f69412955bdc0f93c43491f3744de
      size: 2217
    outs:
    - path: ./models
      hash: md5
      md5: 4132944d218dfeb19f775985074f147f.dir
      size: 941519013
      nfiles: 800
    - path: ./results
      hash: md5
      md5: 813acd55b06213025dad5583d1af86e5.dir
      size: 466075793
      nfiles: 41
  prepare_baseline_sql:
    cmd: PYTHONPATH=../../src python prepare.py --db_output ./baseline.db --traces_dir
      ../../data/socialNetwork/baseline/gent
    deps:
    - path: ../../data/socialNetwork/
      hash: md5
      md5: 2f0cde8d6c9fdfc46f9f880539552d09.dir
      size: 87767121
      nfiles: 3
    - path: ./prepare.py
      hash: md5
      md5: 6488793fc321a47850e8b25acf5ba023
      size: 5497
    outs:
    - path: ./baseline.db
      hash: md5
      md5: 722dbd9511eac425cd859edef0dd71a6
      size: 5586944
  evaluate_gent:
    cmd: PYTHONPATH=../../src python evaluate.py --db_input ./baseline.db --db_output
      ./baseline_and_gent.db --results_dir ./results --evaluation_results ./evaluation_results.json
    deps:
    - path: ./baseline.db
      hash: md5
      md5: 722dbd9511eac425cd859edef0dd71a6
      size: 5586944
    - path: ./evaluate.py
      hash: md5
      md5: bd7900a13407fcb234565312b1c85803
      size: 4726
    - path: ./results
      hash: md5
      md5: 813acd55b06213025dad5583d1af86e5.dir
      size: 466075793
      nfiles: 41
    outs:
    - path: ./baseline_and_gent.db
      hash: md5
      md5: feae2085498491a45b91ef697c39ca73
      size: 137289728
    - path: ./evaluation_results.json
      hash: md5
      md5: 4cb0fcbaecc30bf742ff3b95c9915831
      size: 12239
