schema: '2.0'
stages:
  generate:
    cmd: PYTHONPATH=../../src python tx_iteration.py --traces_dir ../../data/socialNetwork/baseline/gent
      --models_dir ./models --results_dir ./results
    deps:
    - path: ../../data/socialNetwork/
      hash: md5
      md5: 2f0cde8d6c9fdfc46f9f880539552d09.dir
      size: 87767121
      nfiles: 3
    - path: tx_iteration.py
      hash: md5
      md5: 3e8f69412955bdc0f93c43491f3744de
      size: 2217
    outs:
    - path: ./models
      hash: md5
      md5: fd08ee7c8956d577667674c623ff9cfd.dir
      size: 941519155
      nfiles: 800
    - path: ./results
      hash: md5
      md5: 2e4b9f172bee512d3d402c83729189cd.dir
      size: 466051178
      nfiles: 41
  prepare_baseline_sql:
    cmd: PYTHONPATH=../../src python prepare.py --db_output ./baseline.db --traces_dir
      ../../data/socialNetwork/baseline/gent
    deps:
    - path: ../../data/socialNetwork/
      hash: md5
      md5: 2f0cde8d6c9fdfc46f9f880539552d09.dir
      size: 87767121
      nfiles: 3
    - path: ./prepare.py
      hash: md5
      md5: 6488793fc321a47850e8b25acf5ba023
      size: 5497
    outs:
    - path: ./baseline.db
      hash: md5
      md5: 722dbd9511eac425cd859edef0dd71a6
      size: 5586944
  evaluate_gent:
    cmd: PYTHONPATH=../../src python evaluate.py --db_input ./baseline.db --db_output
      ./baseline_and_gent.db --results_dir ./results --evaluation_results ./evaluation_results.json
    deps:
    - path: ./baseline.db
      hash: md5
      md5: 722dbd9511eac425cd859edef0dd71a6
      size: 5586944
    - path: ./evaluate.py
      hash: md5
      md5: c277bd17a0221ba4383912fd89c4def5
      size: 4776
    - path: ./results
      hash: md5
      md5: 2e4b9f172bee512d3d402c83729189cd.dir
      size: 466051178
      nfiles: 41
    outs:
    - path: ./baseline_and_gent.db
      hash: md5
      md5: b2834af63f96960da5b11e7806b5cd4c
      size: 137302016
    - path: ./evaluation_results.json
      hash: md5
      md5: 4aaf7191c0fc5366ed851613dedd715e
      size: 11915
