schema: '2.0'
stages:
  start_time:
    cmd: PYTHONPATH=../../src python debug.py --traces_dir ../../data/socialNetwork/baseline/gent
      --models_dir ./models --results_dir ./results --test start_time
    deps:
    - path: ../../data/socialNetwork/
      hash: md5
      md5: 2f0cde8d6c9fdfc46f9f880539552d09.dir
      size: 87767121
      nfiles: 3
    - path: debug.py
      hash: md5
      md5: a5f528ce427b1e793e0ff9d462a84f75
      size: 2647
    outs:
    - path: models/start_time
      hash: md5
      md5: d037bc74e5f0736a4d1bdca616028338.dir
      size: 4373658
      nfiles: 8
    - path: results/timestamps_by_graph.pkl
      hash: md5
      md5: c7688731d9702e0b5c4a76dcaf1867cc
      size: 85321
  metadata:
    cmd: PYTHONPATH=../../src python debug.py --traces_dir ../../data/socialNetwork/baseline/gent
      --models_dir ./models --results_dir ./results --test metadata
    deps:
    - path: ../../data/socialNetwork/
      hash: md5
      md5: 2f0cde8d6c9fdfc46f9f880539552d09.dir
      size: 87767121
      nfiles: 3
    - path: debug.py
      hash: md5
      md5: a5f528ce427b1e793e0ff9d462a84f75
      size: 2647
    - path: results/timestamps_by_graph.pkl
      hash: md5
      md5: c7688731d9702e0b5c4a76dcaf1867cc
      size: 85321
    outs:
    - path: models/metadata
      hash: md5
      md5: 89a668d1ce172f135911d55fed37097b.dir
      size: 47554811
      nfiles: 12
    - path: results/generated.json
      hash: md5
      md5: d4404e392b25cf77acf006a3e766b44b
      size: 25053392
